
Microsoft Visual Studio Solution File, Format Version 12.00
# Visual Studio 14
VisualStudioVersion = 14.0.25420.1
MinimumVisualStudioVersion = 10.0.40219.1
Project("{F2A71F9B-5D33-465A-A702-920D77279786}") = "Functions", "src\Functions\Functions.fsproj", "{924E4114-0101-4438-8A68-BFF624FBB632}"
EndProject
Global
	GlobalSection(SolutionConfigurationPlatforms) = preSolution
		Debug|Any CPU = Debug|Any CPU
		Release|Any CPU = Release|Any CPU
	EndGlobalSection
	GlobalSection(ProjectConfigurationPlatforms) = postSolution
		{924E4114-0101-4438-8A68-BFF624FBB632}.Debug|Any CPU.ActiveCfg = Debug|Any CPU
		{924E4114-0101-4438-8A68-BFF624FBB632}.Debug|Any CPU.Build.0 = Debug|Any CPU
		{924E4114-0101-4438-8A68-BFF624FBB632}.Release|Any CPU.ActiveCfg = Release|Any CPU
		{924E4114-0101-4438-8A68-BFF624FBB632}.Release|Any CPU.Build.0 = Release|Any CPU
	EndGlobalSection
	GlobalSection(SolutionProperties) = preSolution
		HideSolutionNode = FALSE
	EndGlobalSection
EndGlobal
